
Microsoft Visual Studio Solution File, Format Version 12.00
Project("{FAE04EC0-301F-11D3-BF4B-00C04F79EFBC}") = "Herta", "Herta.csproj", "{607E3A20-CC0B-40CD-A404-3DC6C1760CC2}"
EndProject
Global
	GlobalSection(SolutionConfigurationPlatforms) = preSolution
		Debug|Any CPU = Debug|Any CPU
		Release|Any CPU = Release|Any CPU
	EndGlobalSection
	GlobalSection(ProjectConfigurationPlatforms) = postSolution
		{607E3A20-CC0B-40CD-A404-3DC6C1760CC2}.Debug|Any CPU.ActiveCfg = Debug|Any CPU
		{607E3A20-CC0B-40CD-A404-3DC6C1760CC2}.Debug|Any CPU.Build.0 = Debug|Any CPU
		{607E3A20-CC0B-40CD-A404-3DC6C1760CC2}.Release|Any CPU.ActiveCfg = Release|Any CPU
		{607E3A20-CC0B-40CD-A404-3DC6C1760CC2}.Release|Any CPU.Build.0 = Release|Any CPU
	EndGlobalSection
EndGlobal
